
Microsoft Visual Studio Solution File, Format Version 12.00
# Visual Studio 15
VisualStudioVersion = 15.0.28307.106
MinimumVisualStudioVersion = 10.0.40219.1
Project("{9A19103F-16F7-4668-BE54-9A1E7A4F7556}") = "TimesOfLebanonCMSNew", "TimesOfLebanonCMSNew\TimesOfLebanonCMSNew.csproj", "{60C26E29-648C-4FD4-BA8A-A919A4B768D8}"
EndProject
Global
	GlobalSection(SolutionConfigurationPlatforms) = preSolution
		Debug|Any CPU = Debug|Any CPU
		Release|Any CPU = Release|Any CPU
	EndGlobalSection
	GlobalSection(ProjectConfigurationPlatforms) = postSolution
		{60C26E29-648C-4FD4-BA8A-A919A4B768D8}.Debug|Any CPU.ActiveCfg = Debug|Any CPU
		{60C26E29-648C-4FD4-BA8A-A919A4B768D8}.Debug|Any CPU.Build.0 = Debug|Any CPU
		{60C26E29-648C-4FD4-BA8A-A919A4B768D8}.Release|Any CPU.ActiveCfg = Release|Any CPU
		{60C26E29-648C-4FD4-BA8A-A919A4B768D8}.Release|Any CPU.Build.0 = Release|Any CPU
	EndGlobalSection
	GlobalSection(SolutionProperties) = preSolution
		HideSolutionNode = FALSE
	EndGlobalSection
	GlobalSection(ExtensibilityGlobals) = postSolution
		SolutionGuid = {5E828D4F-F5D6-44DB-A963-832362361FDA}
	EndGlobalSection
EndGlobal
